{
  "name": "chatgpt-md-translator",
  "version": "1.7.1",
  "lockfileVersion": 2,
  "requires": true,
  "packages": {
    "": {
      "name": "chatgpt-md-translator",
      "version": "1.7.1",
      "license": "MIT",
      "dependencies": {
        "dashdash": "^2.0.0",
        "dotenv": "^16.0.3",
        "https-proxy-agent": "^6.2.0",
        "node-fetch": "^3.3.2",
        "picocolors": "^1.0.0",
        "string-width": "^7.1.0"
      },
      "bin": {
        "chatgpt-md-translator": "lib/index.js"
      },
      "devDependencies": {
        "@biomejs/biome": "1.6.4",
        "@types/dashdash": "^1.14.1",
        "@types/node": "^20.5.7",
        "tsx": "^4.7.1",
        "typescript": "^5.2.2"
      }
    },
    "node_modules/@biomejs/biome": {
      "version": "1.6.4",
      "resolved": "https://registry.npmjs.org/@biomejs/biome/-/biome-1.6.4.tgz",
      "integrity": "sha512-3groVd2oWsLC0ZU+XXgHSNbq31lUcOCBkCcA7sAQGBopHcmL+jmmdoWlY3S61zIh+f2mqQTQte1g6PZKb3JJjA==",
      "dev": true,
      "hasInstallScript": true,
      "bin": {
        "biome": "bin/biome"
      },
      "engines": {
        "node": ">=14.21.3"
      },
      "funding": {
        "type": "opencollective",
        "url": "https://opencollective.com/biome"
      },
      "optionalDependencies": {
        "@biomejs/cli-darwin-arm64": "1.6.4",
        "@biomejs/cli-darwin-x64": "1.6.4",
        "@biomejs/cli-linux-arm64": "1.6.4",
        "@biomejs/cli-linux-arm64-musl": "1.6.4",
        "@biomejs/cli-linux-x64": "1.6.4",
        "@biomejs/cli-linux-x64-musl": "1.6.4",
        "@biomejs/cli-win32-arm64": "1.6.4",
        "@biomejs/cli-win32-x64": "1.6.4"
      }
    },
    "node_modules/@biomejs/cli-darwin-arm64": {
      "version": "1.6.4",
      "resolved": "https://registry.npmjs.org/@biomejs/cli-darwin-arm64/-/cli-darwin-arm64-1.6.4.tgz",
      "integrity": "sha512-2WZef8byI9NRzGajGj5RTrroW9BxtfbP9etigW1QGAtwu/6+cLkdPOWRAs7uFtaxBNiKFYA8j/BxV5zeAo5QOQ==",
      "cpu": [
        "arm64"
      ],
      "dev": true,
      "optional": true,
      "os": [
        "darwin"
      ],
      "engines": {
        "node": ">=14.21.3"
      }
    },
    "node_modules/@biomejs/cli-darwin-x64": {
      "version": "1.6.4",
      "resolved": "https://registry.npmjs.org/@biomejs/cli-darwin-x64/-/cli-darwin-x64-1.6.4.tgz",
      "integrity": "sha512-uo1zgM7jvzcoDpF6dbGizejDLCqNpUIRkCj/oEK0PB0NUw8re/cn1EnxuOLZqDpn+8G75COLQTOx8UQIBBN/Kg==",
      "cpu": [
        "x64"
      ],
      "dev": true,
      "optional": true,
      "os": [
        "darwin"
      ],
      "engines": {
        "node": ">=14.21.3"
      }
    },
    "node_modules/@biomejs/cli-linux-arm64": {
      "version": "1.6.4",
      "resolved": "https://registry.npmjs.org/@biomejs/cli-linux-arm64/-/cli-linux-arm64-1.6.4.tgz",
      "integrity": "sha512-wAOieaMNIpLrxGc2/xNvM//CIZg7ueWy3V5A4T7gDZ3OL/Go27EKE59a+vMKsBCYmTt7jFl4yHz0TUkUbodA/w==",
      "cpu": [
        "arm64"
      ],
      "dev": true,
      "optional": true,
      "os": [
        "linux"
      ],
      "engines": {
        "node": ">=14.21.3"
      }
    },
    "node_modules/@biomejs/cli-linux-arm64-musl": {
      "version": "1.6.4",
      "resolved": "https://registry.npmjs.org/@biomejs/cli-linux-arm64-musl/-/cli-linux-arm64-musl-1.6.4.tgz",
      "integrity": "sha512-Hp8Jwt6rjj0wCcYAEN6/cfwrrPLLlGOXZ56Lei4Pt4jy39+UuPeAVFPeclrrCfxyL1wQ2xPrhd/saTHSL6DoJg==",
      "cpu": [
        "arm64"
      ],
      "dev": true,
      "optional": true,
      "os": [
        "linux"
      ],
      "engines": {
        "node": ">=14.21.3"
      }
    },
    "node_modules/@biomejs/cli-linux-x64": {
      "version": "1.6.4",
      "resolved": "https://registry.npmjs.org/@biomejs/cli-linux-x64/-/cli-linux-x64-1.6.4.tgz",
      "integrity": "sha512-qTWhuIw+/ePvOkjE9Zxf5OqSCYxtAvcTJtVmZT8YQnmY2I62JKNV2m7tf6O5ViKZUOP0mOQ6NgqHKcHH1eT8jw==",
      "cpu": [
        "x64"
      ],
      "dev": true,
      "optional": true,
      "os": [
        "linux"
      ],
      "engines": {
        "node": ">=14.21.3"
      }
    },
    "node_modules/@biomejs/cli-linux-x64-musl": {
      "version": "1.6.4",
      "resolved": "https://registry.npmjs.org/@biomejs/cli-linux-x64-musl/-/cli-linux-x64-musl-1.6.4.tgz",
      "integrity": "sha512-wqi0hr8KAx5kBO0B+m5u8QqiYFFBJOSJVSuRqTeGWW+GYLVUtXNidykNqf1JsW6jJDpbkSp2xHKE/bTlVaG2Kg==",
      "cpu": [
        "x64"
      ],
      "dev": true,
      "optional": true,
      "os": [
        "linux"
      ],
      "engines": {
        "node": ">=14.21.3"
      }
    },
    "node_modules/@biomejs/cli-win32-arm64": {
      "version": "1.6.4",
      "resolved": "https://registry.npmjs.org/@biomejs/cli-win32-arm64/-/cli-win32-arm64-1.6.4.tgz",
      "integrity": "sha512-Wp3FiEeF6v6C5qMfLkHwf4YsoNHr/n0efvoC8jCKO/kX05OXaVExj+1uVQ1eGT7Pvx0XVm/TLprRO0vq/V6UzA==",
      "cpu": [
        "arm64"
      ],
      "dev": true,
      "optional": true,
      "os": [
        "win32"
      ],
      "engines": {
        "node": ">=14.21.3"
      }
    },
    "node_modules/@biomejs/cli-win32-x64": {
      "version": "1.6.4",
      "resolved": "https://registry.npmjs.org/@biomejs/cli-win32-x64/-/cli-win32-x64-1.6.4.tgz",
      "integrity": "sha512-mz183Di5hTSGP7KjNWEhivcP1wnHLGmOxEROvoFsIxMYtDhzJDad4k5gI/1JbmA0xe4n52vsgqo09tBhrMT/Zg==",
      "cpu": [
        "x64"
      ],
      "dev": true,
      "optional": true,
      "os": [
        "win32"
      ],
      "engines": {
        "node": ">=14.21.3"
      }
    },
    "node_modules/@esbuild/aix-ppc64": {
      "version": "0.19.12",
      "resolved": "https://registry.npmjs.org/@esbuild/aix-ppc64/-/aix-ppc64-0.19.12.tgz",
      "integrity": "sha512-bmoCYyWdEL3wDQIVbcyzRyeKLgk2WtWLTWz1ZIAZF/EGbNOwSA6ew3PftJ1PqMiOOGu0OyFMzG53L0zqIpPeNA==",
      "cpu": [
        "ppc64"
      ],
      "dev": true,
      "optional": true,
      "os": [
        "aix"
      ],
      "engines": {
        "node": ">=12"
      }
    },
    "node_modules/@esbuild/android-arm": {
      "version": "0.19.12",
      "resolved": "https://registry.npmjs.org/@esbuild/android-arm/-/android-arm-0.19.12.tgz",
      "integrity": "sha512-qg/Lj1mu3CdQlDEEiWrlC4eaPZ1KztwGJ9B6J+/6G+/4ewxJg7gqj8eVYWvao1bXrqGiW2rsBZFSX3q2lcW05w==",
      "cpu": [
        "arm"
      ],
      "dev": true,
      "optional": true,
      "os": [
        "android"
      ],
      "engines": {
        "node": ">=12"
      }
    },
    "node_modules/@esbuild/android-arm64": {
      "version": "0.19.12",
      "resolved": "https://registry.npmjs.org/@esbuild/android-arm64/-/android-arm64-0.19.12.tgz",
      "integrity": "sha512-P0UVNGIienjZv3f5zq0DP3Nt2IE/3plFzuaS96vihvD0Hd6H/q4WXUGpCxD/E8YrSXfNyRPbpTq+T8ZQioSuPA==",
      "cpu": [
        "arm64"
      ],
      "dev": true,
      "optional": true,
      "os": [
        "android"
      ],
      "engines": {
        "node": ">=12"
      }
    },
    "node_modules/@esbuild/android-x64": {
      "version": "0.19.12",
      "resolved": "https://registry.npmjs.org/@esbuild/android-x64/-/android-x64-0.19.12.tgz",
      "integrity": "sha512-3k7ZoUW6Q6YqhdhIaq/WZ7HwBpnFBlW905Fa4s4qWJyiNOgT1dOqDiVAQFwBH7gBRZr17gLrlFCRzF6jFh7Kew==",
      "cpu": [
        "x64"
      ],
      "dev": true,
      "optional": true,
      "os": [
        "android"
      ],
      "engines": {
        "node": ">=12"
      }
    },
    "node_modules/@esbuild/darwin-arm64": {
      "version": "0.19.12",
      "resolved": "https://registry.npmjs.org/@esbuild/darwin-arm64/-/darwin-arm64-0.19.12.tgz",
      "integrity": "sha512-B6IeSgZgtEzGC42jsI+YYu9Z3HKRxp8ZT3cqhvliEHovq8HSX2YX8lNocDn79gCKJXOSaEot9MVYky7AKjCs8g==",
      "cpu": [
        "arm64"
      ],
      "dev": true,
      "optional": true,
      "os": [
        "darwin"
      ],
      "engines": {
        "node": ">=12"
      }
    },
    "node_modules/@esbuild/darwin-x64": {
      "version": "0.19.12",
      "resolved": "https://registry.npmjs.org/@esbuild/darwin-x64/-/darwin-x64-0.19.12.tgz",
      "integrity": "sha512-hKoVkKzFiToTgn+41qGhsUJXFlIjxI/jSYeZf3ugemDYZldIXIxhvwN6erJGlX4t5h417iFuheZ7l+YVn05N3A==",
      "cpu": [
        "x64"
      ],
      "dev": true,
      "optional": true,
      "os": [
        "darwin"
      ],
      "engines": {
        "node": ">=12"
      }
    },
    "node_modules/@esbuild/freebsd-arm64": {
      "version": "0.19.12",
      "resolved": "https://registry.npmjs.org/@esbuild/freebsd-arm64/-/freebsd-arm64-0.19.12.tgz",
      "integrity": "sha512-4aRvFIXmwAcDBw9AueDQ2YnGmz5L6obe5kmPT8Vd+/+x/JMVKCgdcRwH6APrbpNXsPz+K653Qg8HB/oXvXVukA==",
      "cpu": [
        "arm64"
      ],
      "dev": true,
      "optional": true,
      "os": [
        "freebsd"
      ],
      "engines": {
        "node": ">=12"
      }
    },
    "node_modules/@esbuild/freebsd-x64": {
      "version": "0.19.12",
      "resolved": "https://registry.npmjs.org/@esbuild/freebsd-x64/-/freebsd-x64-0.19.12.tgz",
      "integrity": "sha512-EYoXZ4d8xtBoVN7CEwWY2IN4ho76xjYXqSXMNccFSx2lgqOG/1TBPW0yPx1bJZk94qu3tX0fycJeeQsKovA8gg==",
      "cpu": [
        "x64"
      ],
      "dev": true,
      "optional": true,
      "os": [
        "freebsd"
      ],
      "engines": {
        "node": ">=12"
      }
    },
    "node_modules/@esbuild/linux-arm": {
      "version": "0.19.12",
      "resolved": "https://registry.npmjs.org/@esbuild/linux-arm/-/linux-arm-0.19.12.tgz",
      "integrity": "sha512-J5jPms//KhSNv+LO1S1TX1UWp1ucM6N6XuL6ITdKWElCu8wXP72l9MM0zDTzzeikVyqFE6U8YAV9/tFyj0ti+w==",
      "cpu": [
        "arm"
      ],
      "dev": true,
      "optional": true,
      "os": [
        "linux"
      ],
      "engines": {
        "node": ">=12"
      }
    },
    "node_modules/@esbuild/linux-arm64": {
      "version": "0.19.12",
      "resolved": "https://registry.npmjs.org/@esbuild/linux-arm64/-/linux-arm64-0.19.12.tgz",
      "integrity": "sha512-EoTjyYyLuVPfdPLsGVVVC8a0p1BFFvtpQDB/YLEhaXyf/5bczaGeN15QkR+O4S5LeJ92Tqotve7i1jn35qwvdA==",
      "cpu": [
        "arm64"
      ],
      "dev": true,
      "optional": true,
      "os": [
        "linux"
      ],
      "engines": {
        "node": ">=12"
      }
    },
    "node_modules/@esbuild/linux-ia32": {
      "version": "0.19.12",
      "resolved": "https://registry.npmjs.org/@esbuild/linux-ia32/-/linux-ia32-0.19.12.tgz",
      "integrity": "sha512-Thsa42rrP1+UIGaWz47uydHSBOgTUnwBwNq59khgIwktK6x60Hivfbux9iNR0eHCHzOLjLMLfUMLCypBkZXMHA==",
      "cpu": [
        "ia32"
      ],
      "dev": true,
      "optional": true,
      "os": [
        "linux"
      ],
      "engines": {
        "node": ">=12"
      }
    },
    "node_modules/@esbuild/linux-loong64": {
      "version": "0.19.12",
      "resolved": "https://registry.npmjs.org/@esbuild/linux-loong64/-/linux-loong64-0.19.12.tgz",
      "integrity": "sha512-LiXdXA0s3IqRRjm6rV6XaWATScKAXjI4R4LoDlvO7+yQqFdlr1Bax62sRwkVvRIrwXxvtYEHHI4dm50jAXkuAA==",
      "cpu": [
        "loong64"
      ],
      "dev": true,
      "optional": true,
      "os": [
        "linux"
      ],
      "engines": {
        "node": ">=12"
      }
    },
    "node_modules/@esbuild/linux-mips64el": {
      "version": "0.19.12",
      "resolved": "https://registry.npmjs.org/@esbuild/linux-mips64el/-/linux-mips64el-0.19.12.tgz",
      "integrity": "sha512-fEnAuj5VGTanfJ07ff0gOA6IPsvrVHLVb6Lyd1g2/ed67oU1eFzL0r9WL7ZzscD+/N6i3dWumGE1Un4f7Amf+w==",
      "cpu": [
        "mips64el"
      ],
      "dev": true,
      "optional": true,
      "os": [
        "linux"
      ],
      "engines": {
        "node": ">=12"
      }
    },
    "node_modules/@esbuild/linux-ppc64": {
      "version": "0.19.12",
      "resolved": "https://registry.npmjs.org/@esbuild/linux-ppc64/-/linux-ppc64-0.19.12.tgz",
      "integrity": "sha512-nYJA2/QPimDQOh1rKWedNOe3Gfc8PabU7HT3iXWtNUbRzXS9+vgB0Fjaqr//XNbd82mCxHzik2qotuI89cfixg==",
      "cpu": [
        "ppc64"
      ],
      "dev": true,
      "optional": true,
      "os": [
        "linux"
      ],
      "engines": {
        "node": ">=12"
      }
    },
    "node_modules/@esbuild/linux-riscv64": {
      "version": "0.19.12",
      "resolved": "https://registry.npmjs.org/@esbuild/linux-riscv64/-/linux-riscv64-0.19.12.tgz",
      "integrity": "sha512-2MueBrlPQCw5dVJJpQdUYgeqIzDQgw3QtiAHUC4RBz9FXPrskyyU3VI1hw7C0BSKB9OduwSJ79FTCqtGMWqJHg==",
      "cpu": [
        "riscv64"
      ],
      "dev": true,
      "optional": true,
      "os": [
        "linux"
      ],
      "engines": {
        "node": ">=12"
      }
    },
    "node_modules/@esbuild/linux-s390x": {
      "version": "0.19.12",
      "resolved": "https://registry.npmjs.org/@esbuild/linux-s390x/-/linux-s390x-0.19.12.tgz",
      "integrity": "sha512-+Pil1Nv3Umes4m3AZKqA2anfhJiVmNCYkPchwFJNEJN5QxmTs1uzyy4TvmDrCRNT2ApwSari7ZIgrPeUx4UZDg==",
      "cpu": [
        "s390x"
      ],
      "dev": true,
      "optional": true,
      "os": [
        "linux"
      ],
      "engines": {
        "node": ">=12"
      }
    },
    "node_modules/@esbuild/linux-x64": {
      "version": "0.19.12",
      "resolved": "https://registry.npmjs.org/@esbuild/linux-x64/-/linux-x64-0.19.12.tgz",
      "integrity": "sha512-B71g1QpxfwBvNrfyJdVDexenDIt1CiDN1TIXLbhOw0KhJzE78KIFGX6OJ9MrtC0oOqMWf+0xop4qEU8JrJTwCg==",
      "cpu": [
        "x64"
      ],
      "dev": true,
      "optional": true,
      "os": [
        "linux"
      ],
      "engines": {
        "node": ">=12"
      }
    },
    "node_modules/@esbuild/netbsd-x64": {
      "version": "0.19.12",
      "resolved": "https://registry.npmjs.org/@esbuild/netbsd-x64/-/netbsd-x64-0.19.12.tgz",
      "integrity": "sha512-3ltjQ7n1owJgFbuC61Oj++XhtzmymoCihNFgT84UAmJnxJfm4sYCiSLTXZtE00VWYpPMYc+ZQmB6xbSdVh0JWA==",
      "cpu": [
        "x64"
      ],
      "dev": true,
      "optional": true,
      "os": [
        "netbsd"
      ],
      "engines": {
        "node": ">=12"
      }
    },
    "node_modules/@esbuild/openbsd-x64": {
      "version": "0.19.12",
      "resolved": "https://registry.npmjs.org/@esbuild/openbsd-x64/-/openbsd-x64-0.19.12.tgz",
      "integrity": "sha512-RbrfTB9SWsr0kWmb9srfF+L933uMDdu9BIzdA7os2t0TXhCRjrQyCeOt6wVxr79CKD4c+p+YhCj31HBkYcXebw==",
      "cpu": [
        "x64"
      ],
      "dev": true,
      "optional": true,
      "os": [
        "openbsd"
      ],
      "engines": {
        "node": ">=12"
      }
    },
    "node_modules/@esbuild/sunos-x64": {
      "version": "0.19.12",
      "resolved": "https://registry.npmjs.org/@esbuild/sunos-x64/-/sunos-x64-0.19.12.tgz",
      "integrity": "sha512-HKjJwRrW8uWtCQnQOz9qcU3mUZhTUQvi56Q8DPTLLB+DawoiQdjsYq+j+D3s9I8VFtDr+F9CjgXKKC4ss89IeA==",
      "cpu": [
        "x64"
      ],
      "dev": true,
      "optional": true,
      "os": [
        "sunos"
      ],
      "engines": {
        "node": ">=12"
      }
    },
    "node_modules/@esbuild/win32-arm64": {
      "version": "0.19.12",
      "resolved": "https://registry.npmjs.org/@esbuild/win32-arm64/-/win32-arm64-0.19.12.tgz",
      "integrity": "sha512-URgtR1dJnmGvX864pn1B2YUYNzjmXkuJOIqG2HdU62MVS4EHpU2946OZoTMnRUHklGtJdJZ33QfzdjGACXhn1A==",
      "cpu": [
        "arm64"
      ],
      "dev": true,
      "optional": true,
      "os": [
        "win32"
      ],
      "engines": {
        "node": ">=12"
      }
    },
    "node_modules/@esbuild/win32-ia32": {
      "version": "0.19.12",
      "resolved": "https://registry.npmjs.org/@esbuild/win32-ia32/-/win32-ia32-0.19.12.tgz",
      "integrity": "sha512-+ZOE6pUkMOJfmxmBZElNOx72NKpIa/HFOMGzu8fqzQJ5kgf6aTGrcJaFsNiVMH4JKpMipyK+7k0n2UXN7a8YKQ==",
      "cpu": [
        "ia32"
      ],
      "dev": true,
      "optional": true,
      "os": [
        "win32"
      ],
      "engines": {
        "node": ">=12"
      }
    },
    "node_modules/@esbuild/win32-x64": {
      "version": "0.19.12",
      "resolved": "https://registry.npmjs.org/@esbuild/win32-x64/-/win32-x64-0.19.12.tgz",
      "integrity": "sha512-T1QyPSDCyMXaO3pzBkF96E8xMkiRYbUEZADd29SyPGabqxMViNoii+NcK7eWJAEoU6RZyEm5lVSIjTmcdoB9HA==",
      "cpu": [
        "x64"
      ],
      "dev": true,
      "optional": true,
      "os": [
        "win32"
      ],
      "engines": {
        "node": ">=12"
      }
    },
    "node_modules/@types/dashdash": {
      "version": "1.14.1",
      "resolved": "https://registry.npmjs.org/@types/dashdash/-/dashdash-1.14.1.tgz",
      "integrity": "sha512-3UAiw52g6LARDS9I5lpYwUzj/nBuMvor/0BWiza7ibuOIEaNIo+m3whnVBLLj/ue0DzlcX+96c24YdZCuDwOiQ==",
      "dev": true
    },
    "node_modules/@types/node": {
      "version": "20.5.7",
      "resolved": "https://registry.npmjs.org/@types/node/-/node-20.5.7.tgz",
      "integrity": "sha512-dP7f3LdZIysZnmvP3ANJYTSwg+wLLl8p7RqniVlV7j+oXSXAbt9h0WIBFmJy5inWZoX9wZN6eXx+YXd9Rh3RBA==",
      "dev": true
    },
    "node_modules/agent-base": {
      "version": "7.0.2",
      "resolved": "https://registry.npmjs.org/agent-base/-/agent-base-7.0.2.tgz",
      "integrity": "sha512-k2/tQ1+8Zf50dEUJWklUP80LcE/+Ph+OJ6cf2Ff2fD/c/TtCe6ofnCoNMz9UnyxOQYlaAALZtEWETzn+1JjfHg==",
      "dependencies": {
        "debug": "^4.3.4"
      },
      "engines": {
        "node": ">= 14"
      }
    },
    "node_modules/ansi-regex": {
      "version": "6.0.1",
      "resolved": "https://registry.npmjs.org/ansi-regex/-/ansi-regex-6.0.1.tgz",
      "integrity": "sha512-n5M855fKb2SsfMIiFFoVrABHJC8QtHwVx+mHWP3QcEqBHYienj5dHSgjbxtC0WEZXYt4wcD6zrQElDPhFuZgfA==",
      "engines": {
        "node": ">=12"
      },
      "funding": {
        "url": "https://github.com/chalk/ansi-regex?sponsor=1"
      }
    },
    "node_modules/assert-plus": {
      "version": "1.0.0",
      "resolved": "https://registry.npmjs.org/assert-plus/-/assert-plus-1.0.0.tgz",
      "integrity": "sha512-NfJ4UzBCcQGLDlQq7nHxH+tv3kyZ0hHQqF5BO6J7tNJeP5do1llPr8dZ8zHonfhAu0PHAdMkSo+8o0wxg9lZWw==",
      "engines": {
        "node": ">=0.8"
      }
    },
    "node_modules/dashdash": {
      "version": "2.0.0",
      "resolved": "https://registry.npmjs.org/dashdash/-/dashdash-2.0.0.tgz",
      "integrity": "sha512-ElMoAPlrzmF4l0OscF5pPBZv8LhUJBnwh7rHKllUOrwabAr47R1aQIIwC53rc59ycCb7k5Sj1/es+A3Bep/x5w==",
      "dependencies": {
        "assert-plus": "^1.0.0"
      },
      "engines": {
        "node": ">=10.x"
      }
    },
    "node_modules/data-uri-to-buffer": {
      "version": "4.0.1",
      "resolved": "https://registry.npmjs.org/data-uri-to-buffer/-/data-uri-to-buffer-4.0.1.tgz",
      "integrity": "sha512-0R9ikRb668HB7QDxT1vkpuUBtqc53YyAwMwGeUFKRojY/NWKvdZ+9UYtRfGmhqNbRkTSVpMbmyhXipFFv2cb/A==",
      "engines": {
        "node": ">= 12"
      }
    },
    "node_modules/debug": {
      "version": "4.3.4",
      "resolved": "https://registry.npmjs.org/debug/-/debug-4.3.4.tgz",
      "integrity": "sha512-PRWFHuSU3eDtQJPvnNY7Jcket1j0t5OuOsFzPPzsekD52Zl8qUfFIPEiswXqIvHWGVHOgX+7G/vCNNhehwxfkQ==",
      "dependencies": {
        "ms": "2.1.2"
      },
      "engines": {
        "node": ">=6.0"
      },
      "peerDependenciesMeta": {
        "supports-color": {
          "optional": true
        }
      }
    },
    "node_modules/dotenv": {
      "version": "16.0.3",
      "resolved": "https://registry.npmjs.org/dotenv/-/dotenv-16.0.3.tgz",
      "integrity": "sha512-7GO6HghkA5fYG9TYnNxi14/7K9f5occMlp3zXAuSxn7CKCxt9xbNWG7yF8hTCSUchlfWSe3uLmlPfigevRItzQ==",
      "engines": {
        "node": ">=12"
      }
    },
    "node_modules/emoji-regex": {
      "version": "10.3.0",
      "resolved": "https://registry.npmjs.org/emoji-regex/-/emoji-regex-10.3.0.tgz",
      "integrity": "sha512-QpLs9D9v9kArv4lfDEgg1X/gN5XLnf/A6l9cs8SPZLRZR3ZkY9+kwIQTxm+fsSej5UMYGE8fdoaZVIBlqG0XTw=="
    },
    "node_modules/esbuild": {
      "version": "0.19.12",
      "resolved": "https://registry.npmjs.org/esbuild/-/esbuild-0.19.12.tgz",
      "integrity": "sha512-aARqgq8roFBj054KvQr5f1sFu0D65G+miZRCuJyJ0G13Zwx7vRar5Zhn2tkQNzIXcBrNVsv/8stehpj+GAjgbg==",
      "dev": true,
      "hasInstallScript": true,
      "bin": {
        "esbuild": "bin/esbuild"
      },
      "engines": {
        "node": ">=12"
      },
      "optionalDependencies": {
        "@esbuild/aix-ppc64": "0.19.12",
        "@esbuild/android-arm": "0.19.12",
        "@esbuild/android-arm64": "0.19.12",
        "@esbuild/android-x64": "0.19.12",
        "@esbuild/darwin-arm64": "0.19.12",
        "@esbuild/darwin-x64": "0.19.12",
        "@esbuild/freebsd-arm64": "0.19.12",
        "@esbuild/freebsd-x64": "0.19.12",
        "@esbuild/linux-arm": "0.19.12",
        "@esbuild/linux-arm64": "0.19.12",
        "@esbuild/linux-ia32": "0.19.12",
        "@esbuild/linux-loong64": "0.19.12",
        "@esbuild/linux-mips64el": "0.19.12",
        "@esbuild/linux-ppc64": "0.19.12",
        "@esbuild/linux-riscv64": "0.19.12",
        "@esbuild/linux-s390x": "0.19.12",
        "@esbuild/linux-x64": "0.19.12",
        "@esbuild/netbsd-x64": "0.19.12",
        "@esbuild/openbsd-x64": "0.19.12",
        "@esbuild/sunos-x64": "0.19.12",
        "@esbuild/win32-arm64": "0.19.12",
        "@esbuild/win32-ia32": "0.19.12",
        "@esbuild/win32-x64": "0.19.12"
      }
    },
    "node_modules/fetch-blob": {
      "version": "3.2.0",
      "resolved": "https://registry.npmjs.org/fetch-blob/-/fetch-blob-3.2.0.tgz",
      "integrity": "sha512-7yAQpD2UMJzLi1Dqv7qFYnPbaPx7ZfFK6PiIxQ4PfkGPyNyl2Ugx+a/umUonmKqjhM4DnfbMvdX6otXq83soQQ==",
      "funding": [
        {
          "type": "github",
          "url": "https://github.com/sponsors/jimmywarting"
        },
        {
          "type": "paypal",
          "url": "https://paypal.me/jimmywarting"
        }
      ],
      "dependencies": {
        "node-domexception": "^1.0.0",
        "web-streams-polyfill": "^3.0.3"
      },
      "engines": {
        "node": "^12.20 || >= 14.13"
      }
    },
    "node_modules/formdata-polyfill": {
      "version": "4.0.10",
      "resolved": "https://registry.npmjs.org/formdata-polyfill/-/formdata-polyfill-4.0.10.tgz",
      "integrity": "sha512-buewHzMvYL29jdeQTVILecSaZKnt/RJWjoZCF5OW60Z67/GmSLBkOFM7qh1PI3zFNtJbaZL5eQu1vLfazOwj4g==",
      "dependencies": {
        "fetch-blob": "^3.1.2"
      },
      "engines": {
        "node": ">=12.20.0"
      }
    },
    "node_modules/fsevents": {
      "version": "2.3.3",
      "resolved": "https://registry.npmjs.org/fsevents/-/fsevents-2.3.3.tgz",
      "integrity": "sha512-5xoDfX+fL7faATnagmWPpbFtwh/R77WmMMqqHGS65C3vvB0YHrgF+B1YmZ3441tMj5n63k0212XNoJwzlhffQw==",
      "dev": true,
      "hasInstallScript": true,
      "optional": true,
      "os": [
        "darwin"
      ],
      "engines": {
        "node": "^8.16.0 || ^10.6.0 || >=11.0.0"
      }
    },
    "node_modules/get-east-asian-width": {
      "version": "1.2.0",
      "resolved": "https://registry.npmjs.org/get-east-asian-width/-/get-east-asian-width-1.2.0.tgz",
      "integrity": "sha512-2nk+7SIVb14QrgXFHcm84tD4bKQz0RxPuMT8Ag5KPOq7J5fEmAg0UbXdTOSHqNuHSU28k55qnceesxXRZGzKWA==",
      "engines": {
        "node": ">=18"
      },
      "funding": {
        "url": "https://github.com/sponsors/sindresorhus"
      }
    },
    "node_modules/get-tsconfig": {
      "version": "4.7.3",
      "resolved": "https://registry.npmjs.org/get-tsconfig/-/get-tsconfig-4.7.3.tgz",
      "integrity": "sha512-ZvkrzoUA0PQZM6fy6+/Hce561s+faD1rsNwhnO5FelNjyy7EMGJ3Rz1AQ8GYDWjhRs/7dBLOEJvhK8MiEJOAFg==",
      "dev": true,
      "dependencies": {
        "resolve-pkg-maps": "^1.0.0"
      },
      "funding": {
        "url": "https://github.com/privatenumber/get-tsconfig?sponsor=1"
      }
    },
    "node_modules/https-proxy-agent": {
      "version": "6.2.0",
      "resolved": "https://registry.npmjs.org/https-proxy-agent/-/https-proxy-agent-6.2.0.tgz",
      "integrity": "sha512-4xhCnMpxR9fupa7leh9uJK2P/qjYIeaM9uZ9c1bi1JDSwX2VH9NDk/oKSToNX4gBKa2WT31Mldne7e26ckohLQ==",
      "dependencies": {
        "agent-base": "^7.0.2",
        "debug": "4"
      },
      "engines": {
        "node": ">= 14"
      }
    },
    "node_modules/ms": {
      "version": "2.1.2",
      "resolved": "https://registry.npmjs.org/ms/-/ms-2.1.2.tgz",
      "integrity": "sha512-sGkPx+VjMtmA6MX27oA4FBFELFCZZ4S4XqeGOXCv68tT+jb3vk/RyaKWP0PTKyWtmLSM0b+adUTEvbs1PEaH2w=="
    },
    "node_modules/node-domexception": {
      "version": "1.0.0",
      "resolved": "https://registry.npmjs.org/node-domexception/-/node-domexception-1.0.0.tgz",
      "integrity": "sha512-/jKZoMpw0F8GRwl4/eLROPA3cfcXtLApP0QzLmUT/HuPCZWyB7IY9ZrMeKw2O/nFIqPQB3PVM9aYm0F312AXDQ==",
      "funding": [
        {
          "type": "github",
          "url": "https://github.com/sponsors/jimmywarting"
        },
        {
          "type": "github",
          "url": "https://paypal.me/jimmywarting"
        }
      ],
      "engines": {
        "node": ">=10.5.0"
      }
    },
    "node_modules/node-fetch": {
      "version": "3.3.2",
      "resolved": "https://registry.npmjs.org/node-fetch/-/node-fetch-3.3.2.tgz",
      "integrity": "sha512-dRB78srN/l6gqWulah9SrxeYnxeddIG30+GOqK/9OlLVyLg3HPnr6SqOWTWOXKRwC2eGYCkZ59NNuSgvSrpgOA==",
      "dependencies": {
        "data-uri-to-buffer": "^4.0.0",
        "fetch-blob": "^3.1.4",
        "formdata-polyfill": "^4.0.10"
      },
      "engines": {
        "node": "^12.20.0 || ^14.13.1 || >=16.0.0"
      },
      "funding": {
        "type": "opencollective",
        "url": "https://opencollective.com/node-fetch"
      }
    },
    "node_modules/picocolors": {
      "version": "1.0.0",
      "resolved": "https://registry.npmjs.org/picocolors/-/picocolors-1.0.0.tgz",
      "integrity": "sha512-1fygroTLlHu66zi26VoTDv8yRgm0Fccecssto+MhsZ0D/DGW2sm8E8AjW7NU5VVTRt5GxbeZ5qBuJr+HyLYkjQ=="
    },
    "node_modules/resolve-pkg-maps": {
      "version": "1.0.0",
      "resolved": "https://registry.npmjs.org/resolve-pkg-maps/-/resolve-pkg-maps-1.0.0.tgz",
      "integrity": "sha512-seS2Tj26TBVOC2NIc2rOe2y2ZO7efxITtLZcGSOnHHNOQ7CkiUBfw0Iw2ck6xkIhPwLhKNLS8BO+hEpngQlqzw==",
      "dev": true,
      "funding": {
        "url": "https://github.com/privatenumber/resolve-pkg-maps?sponsor=1"
      }
    },
    "node_modules/string-width": {
      "version": "7.1.0",
      "resolved": "https://registry.npmjs.org/string-width/-/string-width-7.1.0.tgz",
      "integrity": "sha512-SEIJCWiX7Kg4c129n48aDRwLbFb2LJmXXFrWBG4NGaRtMQ3myKPKbwrD1BKqQn74oCoNMBVrfDEr5M9YxCsrkw==",
      "dependencies": {
        "emoji-regex": "^10.3.0",
        "get-east-asian-width": "^1.0.0",
        "strip-ansi": "^7.1.0"
      },
      "engines": {
        "node": ">=18"
      },
      "funding": {
        "url": "https://github.com/sponsors/sindresorhus"
      }
    },
    "node_modules/strip-ansi": {
      "version": "7.1.0",
      "resolved": "https://registry.npmjs.org/strip-ansi/-/strip-ansi-7.1.0.tgz",
      "integrity": "sha512-iq6eVVI64nQQTRYq2KtEg2d2uU7LElhTJwsH4YzIHZshxlgZms/wIc4VoDQTlG/IvVIrBKG06CrZnp0qv7hkcQ==",
      "dependencies": {
        "ansi-regex": "^6.0.1"
      },
      "engines": {
        "node": ">=12"
      },
      "funding": {
        "url": "https://github.com/chalk/strip-ansi?sponsor=1"
      }
    },
    "node_modules/tsx": {
      "version": "4.7.1",
      "resolved": "https://registry.npmjs.org/tsx/-/tsx-4.7.1.tgz",
      "integrity": "sha512-8d6VuibXHtlN5E3zFkgY8u4DX7Y3Z27zvvPKVmLon/D4AjuKzarkUBTLDBgj9iTQ0hg5xM7c/mYiRVM+HETf0g==",
      "dev": true,
      "dependencies": {
        "esbuild": "~0.19.10",
        "get-tsconfig": "^4.7.2"
      },
      "bin": {
        "tsx": "dist/cli.mjs"
      },
      "engines": {
        "node": ">=18.0.0"
      },
      "optionalDependencies": {
        "fsevents": "~2.3.3"
      }
    },
    "node_modules/typescript": {
      "version": "5.2.2",
      "resolved": "https://registry.npmjs.org/typescript/-/typescript-5.2.2.tgz",
      "integrity": "sha512-mI4WrpHsbCIcwT9cF4FZvr80QUeKvsUsUvKDoR+X/7XHQH98xYD8YHZg7ANtz2GtZt/CBq2QJ0thkGJMHfqc1w==",
      "dev": true,
      "bin": {
        "tsc": "bin/tsc",
        "tsserver": "bin/tsserver"
      },
      "engines": {
        "node": ">=14.17"
      }
    },
    "node_modules/web-streams-polyfill": {
      "version": "3.2.1",
      "resolved": "https://registry.npmjs.org/web-streams-polyfill/-/web-streams-polyfill-3.2.1.tgz",
      "integrity": "sha512-e0MO3wdXWKrLbL0DgGnUV7WHVuw9OUvL4hjgnPkIeEvESk74gAITi5G606JtZPp39cd8HA9VQzCIvA49LpPN5Q==",
      "engines": {
        "node": ">= 8"
      }
    }
  },
  "dependencies": {
    "@biomejs/biome": {
      "version": "1.6.4",
      "resolved": "https://registry.npmjs.org/@biomejs/biome/-/biome-1.6.4.tgz",
      "integrity": "sha512-3groVd2oWsLC0ZU+XXgHSNbq31lUcOCBkCcA7sAQGBopHcmL+jmmdoWlY3S61zIh+f2mqQTQte1g6PZKb3JJjA==",
      "dev": true,
      "requires": {
        "@biomejs/cli-darwin-arm64": "1.6.4",
        "@biomejs/cli-darwin-x64": "1.6.4",
        "@biomejs/cli-linux-arm64": "1.6.4",
        "@biomejs/cli-linux-arm64-musl": "1.6.4",
        "@biomejs/cli-linux-x64": "1.6.4",
        "@biomejs/cli-linux-x64-musl": "1.6.4",
        "@biomejs/cli-win32-arm64": "1.6.4",
        "@biomejs/cli-win32-x64": "1.6.4"
      }
    },
    "@biomejs/cli-darwin-arm64": {
      "version": "1.6.4",
      "resolved": "https://registry.npmjs.org/@biomejs/cli-darwin-arm64/-/cli-darwin-arm64-1.6.4.tgz",
      "integrity": "sha512-2WZef8byI9NRzGajGj5RTrroW9BxtfbP9etigW1QGAtwu/6+cLkdPOWRAs7uFtaxBNiKFYA8j/BxV5zeAo5QOQ==",
      "dev": true,
      "optional": true
    },
    "@biomejs/cli-darwin-x64": {
      "version": "1.6.4",
      "resolved": "https://registry.npmjs.org/@biomejs/cli-darwin-x64/-/cli-darwin-x64-1.6.4.tgz",
      "integrity": "sha512-uo1zgM7jvzcoDpF6dbGizejDLCqNpUIRkCj/oEK0PB0NUw8re/cn1EnxuOLZqDpn+8G75COLQTOx8UQIBBN/Kg==",
      "dev": true,
      "optional": true
    },
    "@biomejs/cli-linux-arm64": {
      "version": "1.6.4",
      "resolved": "https://registry.npmjs.org/@biomejs/cli-linux-arm64/-/cli-linux-arm64-1.6.4.tgz",
      "integrity": "sha512-wAOieaMNIpLrxGc2/xNvM//CIZg7ueWy3V5A4T7gDZ3OL/Go27EKE59a+vMKsBCYmTt7jFl4yHz0TUkUbodA/w==",
      "dev": true,
      "optional": true
    },
    "@biomejs/cli-linux-arm64-musl": {
      "version": "1.6.4",
      "resolved": "https://registry.npmjs.org/@biomejs/cli-linux-arm64-musl/-/cli-linux-arm64-musl-1.6.4.tgz",
      "integrity": "sha512-Hp8Jwt6rjj0wCcYAEN6/cfwrrPLLlGOXZ56Lei4Pt4jy39+UuPeAVFPeclrrCfxyL1wQ2xPrhd/saTHSL6DoJg==",
      "dev": true,
      "optional": true
    },
    "@biomejs/cli-linux-x64": {
      "version": "1.6.4",
      "resolved": "https://registry.npmjs.org/@biomejs/cli-linux-x64/-/cli-linux-x64-1.6.4.tgz",
      "integrity": "sha512-qTWhuIw+/ePvOkjE9Zxf5OqSCYxtAvcTJtVmZT8YQnmY2I62JKNV2m7tf6O5ViKZUOP0mOQ6NgqHKcHH1eT8jw==",
      "dev": true,
      "optional": true
    },
    "@biomejs/cli-linux-x64-musl": {
      "version": "1.6.4",
      "resolved": "https://registry.npmjs.org/@biomejs/cli-linux-x64-musl/-/cli-linux-x64-musl-1.6.4.tgz",
      "integrity": "sha512-wqi0hr8KAx5kBO0B+m5u8QqiYFFBJOSJVSuRqTeGWW+GYLVUtXNidykNqf1JsW6jJDpbkSp2xHKE/bTlVaG2Kg==",
      "dev": true,
      "optional": true
    },
    "@biomejs/cli-win32-arm64": {
      "version": "1.6.4",
      "resolved": "https://registry.npmjs.org/@biomejs/cli-win32-arm64/-/cli-win32-arm64-1.6.4.tgz",
      "integrity": "sha512-Wp3FiEeF6v6C5qMfLkHwf4YsoNHr/n0efvoC8jCKO/kX05OXaVExj+1uVQ1eGT7Pvx0XVm/TLprRO0vq/V6UzA==",
      "dev": true,
      "optional": true
    },
    "@biomejs/cli-win32-x64": {
      "version": "1.6.4",
      "resolved": "https://registry.npmjs.org/@biomejs/cli-win32-x64/-/cli-win32-x64-1.6.4.tgz",
      "integrity": "sha512-mz183Di5hTSGP7KjNWEhivcP1wnHLGmOxEROvoFsIxMYtDhzJDad4k5gI/1JbmA0xe4n52vsgqo09tBhrMT/Zg==",
      "dev": true,
      "optional": true
    },
    "@esbuild/aix-ppc64": {
      "version": "0.19.12",
      "resolved": "https://registry.npmjs.org/@esbuild/aix-ppc64/-/aix-ppc64-0.19.12.tgz",
      "integrity": "sha512-bmoCYyWdEL3wDQIVbcyzRyeKLgk2WtWLTWz1ZIAZF/EGbNOwSA6ew3PftJ1PqMiOOGu0OyFMzG53L0zqIpPeNA==",
      "dev": true,
      "optional": true
    },
    "@esbuild/android-arm": {
      "version": "0.19.12",
      "resolved": "https://registry.npmjs.org/@esbuild/android-arm/-/android-arm-0.19.12.tgz",
      "integrity": "sha512-qg/Lj1mu3CdQlDEEiWrlC4eaPZ1KztwGJ9B6J+/6G+/4ewxJg7gqj8eVYWvao1bXrqGiW2rsBZFSX3q2lcW05w==",
      "dev": true,
      "optional": true
    },
    "@esbuild/android-arm64": {
      "version": "0.19.12",
      "resolved": "https://registry.npmjs.org/@esbuild/android-arm64/-/android-arm64-0.19.12.tgz",
      "integrity": "sha512-P0UVNGIienjZv3f5zq0DP3Nt2IE/3plFzuaS96vihvD0Hd6H/q4WXUGpCxD/E8YrSXfNyRPbpTq+T8ZQioSuPA==",
      "dev": true,
      "optional": true
    },
    "@esbuild/android-x64": {
      "version": "0.19.12",
      "resolved": "https://registry.npmjs.org/@esbuild/android-x64/-/android-x64-0.19.12.tgz",
      "integrity": "sha512-3k7ZoUW6Q6YqhdhIaq/WZ7HwBpnFBlW905Fa4s4qWJyiNOgT1dOqDiVAQFwBH7gBRZr17gLrlFCRzF6jFh7Kew==",
      "dev": true,
      "optional": true
    },
    "@esbuild/darwin-arm64": {
      "version": "0.19.12",
      "resolved": "https://registry.npmjs.org/@esbuild/darwin-arm64/-/darwin-arm64-0.19.12.tgz",
      "integrity": "sha512-B6IeSgZgtEzGC42jsI+YYu9Z3HKRxp8ZT3cqhvliEHovq8HSX2YX8lNocDn79gCKJXOSaEot9MVYky7AKjCs8g==",
      "dev": true,
      "optional": true
    },
    "@esbuild/darwin-x64": {
      "version": "0.19.12",
      "resolved": "https://registry.npmjs.org/@esbuild/darwin-x64/-/darwin-x64-0.19.12.tgz",
      "integrity": "sha512-hKoVkKzFiToTgn+41qGhsUJXFlIjxI/jSYeZf3ugemDYZldIXIxhvwN6erJGlX4t5h417iFuheZ7l+YVn05N3A==",
      "dev": true,
      "optional": true
    },
    "@esbuild/freebsd-arm64": {
      "version": "0.19.12",
      "resolved": "https://registry.npmjs.org/@esbuild/freebsd-arm64/-/freebsd-arm64-0.19.12.tgz",
      "integrity": "sha512-4aRvFIXmwAcDBw9AueDQ2YnGmz5L6obe5kmPT8Vd+/+x/JMVKCgdcRwH6APrbpNXsPz+K653Qg8HB/oXvXVukA==",
      "dev": true,
      "optional": true
    },
    "@esbuild/freebsd-x64": {
      "version": "0.19.12",
      "resolved": "https://registry.npmjs.org/@esbuild/freebsd-x64/-/freebsd-x64-0.19.12.tgz",
      "integrity": "sha512-EYoXZ4d8xtBoVN7CEwWY2IN4ho76xjYXqSXMNccFSx2lgqOG/1TBPW0yPx1bJZk94qu3tX0fycJeeQsKovA8gg==",
      "dev": true,
      "optional": true
    },
    "@esbuild/linux-arm": {
      "version": "0.19.12",
      "resolved": "https://registry.npmjs.org/@esbuild/linux-arm/-/linux-arm-0.19.12.tgz",
      "integrity": "sha512-J5jPms//KhSNv+LO1S1TX1UWp1ucM6N6XuL6ITdKWElCu8wXP72l9MM0zDTzzeikVyqFE6U8YAV9/tFyj0ti+w==",
      "dev": true,
      "optional": true
    },
    "@esbuild/linux-arm64": {
      "version": "0.19.12",
      "resolved": "https://registry.npmjs.org/@esbuild/linux-arm64/-/linux-arm64-0.19.12.tgz",
      "integrity": "sha512-EoTjyYyLuVPfdPLsGVVVC8a0p1BFFvtpQDB/YLEhaXyf/5bczaGeN15QkR+O4S5LeJ92Tqotve7i1jn35qwvdA==",
      "dev": true,
      "optional": true
    },
    "@esbuild/linux-ia32": {
      "version": "0.19.12",
      "resolved": "https://registry.npmjs.org/@esbuild/linux-ia32/-/linux-ia32-0.19.12.tgz",
      "integrity": "sha512-Thsa42rrP1+UIGaWz47uydHSBOgTUnwBwNq59khgIwktK6x60Hivfbux9iNR0eHCHzOLjLMLfUMLCypBkZXMHA==",
      "dev": true,
      "optional": true
    },
    "@esbuild/linux-loong64": {
      "version": "0.19.12",
      "resolved": "https://registry.npmjs.org/@esbuild/linux-loong64/-/linux-loong64-0.19.12.tgz",
      "integrity": "sha512-LiXdXA0s3IqRRjm6rV6XaWATScKAXjI4R4LoDlvO7+yQqFdlr1Bax62sRwkVvRIrwXxvtYEHHI4dm50jAXkuAA==",
      "dev": true,
      "optional": true
    },
    "@esbuild/linux-mips64el": {
      "version": "0.19.12",
      "resolved": "https://registry.npmjs.org/@esbuild/linux-mips64el/-/linux-mips64el-0.19.12.tgz",
      "integrity": "sha512-fEnAuj5VGTanfJ07ff0gOA6IPsvrVHLVb6Lyd1g2/ed67oU1eFzL0r9WL7ZzscD+/N6i3dWumGE1Un4f7Amf+w==",
      "dev": true,
      "optional": true
    },
    "@esbuild/linux-ppc64": {
      "version": "0.19.12",
      "resolved": "https://registry.npmjs.org/@esbuild/linux-ppc64/-/linux-ppc64-0.19.12.tgz",
      "integrity": "sha512-nYJA2/QPimDQOh1rKWedNOe3Gfc8PabU7HT3iXWtNUbRzXS9+vgB0Fjaqr//XNbd82mCxHzik2qotuI89cfixg==",
      "dev": true,
      "optional": true
    },
    "@esbuild/linux-riscv64": {
      "version": "0.19.12",
      "resolved": "https://registry.npmjs.org/@esbuild/linux-riscv64/-/linux-riscv64-0.19.12.tgz",
      "integrity": "sha512-2MueBrlPQCw5dVJJpQdUYgeqIzDQgw3QtiAHUC4RBz9FXPrskyyU3VI1hw7C0BSKB9OduwSJ79FTCqtGMWqJHg==",
      "dev": true,
      "optional": true
    },
    "@esbuild/linux-s390x": {
      "version": "0.19.12",
      "resolved": "https://registry.npmjs.org/@esbuild/linux-s390x/-/linux-s390x-0.19.12.tgz",
      "integrity": "sha512-+Pil1Nv3Umes4m3AZKqA2anfhJiVmNCYkPchwFJNEJN5QxmTs1uzyy4TvmDrCRNT2ApwSari7ZIgrPeUx4UZDg==",
      "dev": true,
      "optional": true
    },
    "@esbuild/linux-x64": {
      "version": "0.19.12",
      "resolved": "https://registry.npmjs.org/@esbuild/linux-x64/-/linux-x64-0.19.12.tgz",
      "integrity": "sha512-B71g1QpxfwBvNrfyJdVDexenDIt1CiDN1TIXLbhOw0KhJzE78KIFGX6OJ9MrtC0oOqMWf+0xop4qEU8JrJTwCg==",
      "dev": true,
      "optional": true
    },
    "@esbuild/netbsd-x64": {
      "version": "0.19.12",
      "resolved": "https://registry.npmjs.org/@esbuild/netbsd-x64/-/netbsd-x64-0.19.12.tgz",
      "integrity": "sha512-3ltjQ7n1owJgFbuC61Oj++XhtzmymoCihNFgT84UAmJnxJfm4sYCiSLTXZtE00VWYpPMYc+ZQmB6xbSdVh0JWA==",
      "dev": true,
      "optional": true
    },
    "@esbuild/openbsd-x64": {
      "version": "0.19.12",
      "resolved": "https://registry.npmjs.org/@esbuild/openbsd-x64/-/openbsd-x64-0.19.12.tgz",
      "integrity": "sha512-RbrfTB9SWsr0kWmb9srfF+L933uMDdu9BIzdA7os2t0TXhCRjrQyCeOt6wVxr79CKD4c+p+YhCj31HBkYcXebw==",
      "dev": true,
      "optional": true
    },
    "@esbuild/sunos-x64": {
      "version": "0.19.12",
      "resolved": "https://registry.npmjs.org/@esbuild/sunos-x64/-/sunos-x64-0.19.12.tgz",
      "integrity": "sha512-HKjJwRrW8uWtCQnQOz9qcU3mUZhTUQvi56Q8DPTLLB+DawoiQdjsYq+j+D3s9I8VFtDr+F9CjgXKKC4ss89IeA==",
      "dev": true,
      "optional": true
    },
    "@esbuild/win32-arm64": {
      "version": "0.19.12",
      "resolved": "https://registry.npmjs.org/@esbuild/win32-arm64/-/win32-arm64-0.19.12.tgz",
      "integrity": "sha512-URgtR1dJnmGvX864pn1B2YUYNzjmXkuJOIqG2HdU62MVS4EHpU2946OZoTMnRUHklGtJdJZ33QfzdjGACXhn1A==",
      "dev": true,
      "optional": true
    },
    "@esbuild/win32-ia32": {
      "version": "0.19.12",
      "resolved": "https://registry.npmjs.org/@esbuild/win32-ia32/-/win32-ia32-0.19.12.tgz",
      "integrity": "sha512-+ZOE6pUkMOJfmxmBZElNOx72NKpIa/HFOMGzu8fqzQJ5kgf6aTGrcJaFsNiVMH4JKpMipyK+7k0n2UXN7a8YKQ==",
      "dev": true,
      "optional": true
    },
    "@esbuild/win32-x64": {
      "version": "0.19.12",
      "resolved": "https://registry.npmjs.org/@esbuild/win32-x64/-/win32-x64-0.19.12.tgz",
      "integrity": "sha512-T1QyPSDCyMXaO3pzBkF96E8xMkiRYbUEZADd29SyPGabqxMViNoii+NcK7eWJAEoU6RZyEm5lVSIjTmcdoB9HA==",
      "dev": true,
      "optional": true
    },
    "@types/dashdash": {
      "version": "1.14.1",
      "resolved": "https://registry.npmjs.org/@types/dashdash/-/dashdash-1.14.1.tgz",
      "integrity": "sha512-3UAiw52g6LARDS9I5lpYwUzj/nBuMvor/0BWiza7ibuOIEaNIo+m3whnVBLLj/ue0DzlcX+96c24YdZCuDwOiQ==",
      "dev": true
    },
    "@types/node": {
      "version": "20.5.7",
      "resolved": "https://registry.npmjs.org/@types/node/-/node-20.5.7.tgz",
      "integrity": "sha512-dP7f3LdZIysZnmvP3ANJYTSwg+wLLl8p7RqniVlV7j+oXSXAbt9h0WIBFmJy5inWZoX9wZN6eXx+YXd9Rh3RBA==",
      "dev": true
    },
    "agent-base": {
      "version": "7.0.2",
      "resolved": "https://registry.npmjs.org/agent-base/-/agent-base-7.0.2.tgz",
      "integrity": "sha512-k2/tQ1+8Zf50dEUJWklUP80LcE/+Ph+OJ6cf2Ff2fD/c/TtCe6ofnCoNMz9UnyxOQYlaAALZtEWETzn+1JjfHg==",
      "requires": {
        "debug": "^4.3.4"
      }
    },
    "ansi-regex": {
      "version": "6.0.1",
      "resolved": "https://registry.npmjs.org/ansi-regex/-/ansi-regex-6.0.1.tgz",
      "integrity": "sha512-n5M855fKb2SsfMIiFFoVrABHJC8QtHwVx+mHWP3QcEqBHYienj5dHSgjbxtC0WEZXYt4wcD6zrQElDPhFuZgfA=="
    },
    "assert-plus": {
      "version": "1.0.0",
      "resolved": "https://registry.npmjs.org/assert-plus/-/assert-plus-1.0.0.tgz",
      "integrity": "sha512-NfJ4UzBCcQGLDlQq7nHxH+tv3kyZ0hHQqF5BO6J7tNJeP5do1llPr8dZ8zHonfhAu0PHAdMkSo+8o0wxg9lZWw=="
    },
    "dashdash": {
      "version": "2.0.0",
      "resolved": "https://registry.npmjs.org/dashdash/-/dashdash-2.0.0.tgz",
      "integrity": "sha512-ElMoAPlrzmF4l0OscF5pPBZv8LhUJBnwh7rHKllUOrwabAr47R1aQIIwC53rc59ycCb7k5Sj1/es+A3Bep/x5w==",
      "requires": {
        "assert-plus": "^1.0.0"
      }
    },
    "data-uri-to-buffer": {
      "version": "4.0.1",
      "resolved": "https://registry.npmjs.org/data-uri-to-buffer/-/data-uri-to-buffer-4.0.1.tgz",
      "integrity": "sha512-0R9ikRb668HB7QDxT1vkpuUBtqc53YyAwMwGeUFKRojY/NWKvdZ+9UYtRfGmhqNbRkTSVpMbmyhXipFFv2cb/A=="
    },
    "debug": {
      "version": "4.3.4",
      "resolved": "https://registry.npmjs.org/debug/-/debug-4.3.4.tgz",
      "integrity": "sha512-PRWFHuSU3eDtQJPvnNY7Jcket1j0t5OuOsFzPPzsekD52Zl8qUfFIPEiswXqIvHWGVHOgX+7G/vCNNhehwxfkQ==",
      "requires": {
        "ms": "2.1.2"
      }
    },
    "dotenv": {
      "version": "16.0.3",
      "resolved": "https://registry.npmjs.org/dotenv/-/dotenv-16.0.3.tgz",
      "integrity": "sha512-7GO6HghkA5fYG9TYnNxi14/7K9f5occMlp3zXAuSxn7CKCxt9xbNWG7yF8hTCSUchlfWSe3uLmlPfigevRItzQ=="
    },
    "emoji-regex": {
      "version": "10.3.0",
      "resolved": "https://registry.npmjs.org/emoji-regex/-/emoji-regex-10.3.0.tgz",
      "integrity": "sha512-QpLs9D9v9kArv4lfDEgg1X/gN5XLnf/A6l9cs8SPZLRZR3ZkY9+kwIQTxm+fsSej5UMYGE8fdoaZVIBlqG0XTw=="
    },
    "esbuild": {
      "version": "0.19.12",
      "resolved": "https://registry.npmjs.org/esbuild/-/esbuild-0.19.12.tgz",
      "integrity": "sha512-aARqgq8roFBj054KvQr5f1sFu0D65G+miZRCuJyJ0G13Zwx7vRar5Zhn2tkQNzIXcBrNVsv/8stehpj+GAjgbg==",
      "dev": true,
      "requires": {
        "@esbuild/aix-ppc64": "0.19.12",
        "@esbuild/android-arm": "0.19.12",
        "@esbuild/android-arm64": "0.19.12",
        "@esbuild/android-x64": "0.19.12",
        "@esbuild/darwin-arm64": "0.19.12",
        "@esbuild/darwin-x64": "0.19.12",
        "@esbuild/freebsd-arm64": "0.19.12",
        "@esbuild/freebsd-x64": "0.19.12",
        "@esbuild/linux-arm": "0.19.12",
        "@esbuild/linux-arm64": "0.19.12",
        "@esbuild/linux-ia32": "0.19.12",
        "@esbuild/linux-loong64": "0.19.12",
        "@esbuild/linux-mips64el": "0.19.12",
        "@esbuild/linux-ppc64": "0.19.12",
        "@esbuild/linux-riscv64": "0.19.12",
        "@esbuild/linux-s390x": "0.19.12",
        "@esbuild/linux-x64": "0.19.12",
        "@esbuild/netbsd-x64": "0.19.12",
        "@esbuild/openbsd-x64": "0.19.12",
        "@esbuild/sunos-x64": "0.19.12",
        "@esbuild/win32-arm64": "0.19.12",
        "@esbuild/win32-ia32": "0.19.12",
        "@esbuild/win32-x64": "0.19.12"
      }
    },
    "fetch-blob": {
      "version": "3.2.0",
      "resolved": "https://registry.npmjs.org/fetch-blob/-/fetch-blob-3.2.0.tgz",
      "integrity": "sha512-7yAQpD2UMJzLi1Dqv7qFYnPbaPx7ZfFK6PiIxQ4PfkGPyNyl2Ugx+a/umUonmKqjhM4DnfbMvdX6otXq83soQQ==",
      "requires": {
        "node-domexception": "^1.0.0",
        "web-streams-polyfill": "^3.0.3"
      }
    },
    "formdata-polyfill": {
      "version": "4.0.10",
      "resolved": "https://registry.npmjs.org/formdata-polyfill/-/formdata-polyfill-4.0.10.tgz",
      "integrity": "sha512-buewHzMvYL29jdeQTVILecSaZKnt/RJWjoZCF5OW60Z67/GmSLBkOFM7qh1PI3zFNtJbaZL5eQu1vLfazOwj4g==",
      "requires": {
        "fetch-blob": "^3.1.2"
      }
    },
    "fsevents": {
      "version": "2.3.3",
      "resolved": "https://registry.npmjs.org/fsevents/-/fsevents-2.3.3.tgz",
      "integrity": "sha512-5xoDfX+fL7faATnagmWPpbFtwh/R77WmMMqqHGS65C3vvB0YHrgF+B1YmZ3441tMj5n63k0212XNoJwzlhffQw==",
      "dev": true,
      "optional": true
    },
    "get-east-asian-width": {
      "version": "1.2.0",
      "resolved": "https://registry.npmjs.org/get-east-asian-width/-/get-east-asian-width-1.2.0.tgz",
      "integrity": "sha512-2nk+7SIVb14QrgXFHcm84tD4bKQz0RxPuMT8Ag5KPOq7J5fEmAg0UbXdTOSHqNuHSU28k55qnceesxXRZGzKWA=="
    },
    "get-tsconfig": {
      "version": "4.7.3",
      "resolved": "https://registry.npmjs.org/get-tsconfig/-/get-tsconfig-4.7.3.tgz",
      "integrity": "sha512-ZvkrzoUA0PQZM6fy6+/Hce561s+faD1rsNwhnO5FelNjyy7EMGJ3Rz1AQ8GYDWjhRs/7dBLOEJvhK8MiEJOAFg==",
      "dev": true,
      "requires": {
        "resolve-pkg-maps": "^1.0.0"
      }
    },
    "https-proxy-agent": {
      "version": "6.2.0",
      "resolved": "https://registry.npmjs.org/https-proxy-agent/-/https-proxy-agent-6.2.0.tgz",
      "integrity": "sha512-4xhCnMpxR9fupa7leh9uJK2P/qjYIeaM9uZ9c1bi1JDSwX2VH9NDk/oKSToNX4gBKa2WT31Mldne7e26ckohLQ==",
      "requires": {
        "agent-base": "^7.0.2",
        "debug": "4"
      }
    },
    "ms": {
      "version": "2.1.2",
      "resolved": "https://registry.npmjs.org/ms/-/ms-2.1.2.tgz",
      "integrity": "sha512-sGkPx+VjMtmA6MX27oA4FBFELFCZZ4S4XqeGOXCv68tT+jb3vk/RyaKWP0PTKyWtmLSM0b+adUTEvbs1PEaH2w=="
    },
    "node-domexception": {
      "version": "1.0.0",
      "resolved": "https://registry.npmjs.org/node-domexception/-/node-domexception-1.0.0.tgz",
      "integrity": "sha512-/jKZoMpw0F8GRwl4/eLROPA3cfcXtLApP0QzLmUT/HuPCZWyB7IY9ZrMeKw2O/nFIqPQB3PVM9aYm0F312AXDQ=="
    },
    "node-fetch": {
      "version": "3.3.2",
      "resolved": "https://registry.npmjs.org/node-fetch/-/node-fetch-3.3.2.tgz",
      "integrity": "sha512-dRB78srN/l6gqWulah9SrxeYnxeddIG30+GOqK/9OlLVyLg3HPnr6SqOWTWOXKRwC2eGYCkZ59NNuSgvSrpgOA==",
      "requires": {
        "data-uri-to-buffer": "^4.0.0",
        "fetch-blob": "^3.1.4",
        "formdata-polyfill": "^4.0.10"
      }
    },
    "picocolors": {
      "version": "1.0.0",
      "resolved": "https://registry.npmjs.org/picocolors/-/picocolors-1.0.0.tgz",
      "integrity": "sha512-1fygroTLlHu66zi26VoTDv8yRgm0Fccecssto+MhsZ0D/DGW2sm8E8AjW7NU5VVTRt5GxbeZ5qBuJr+HyLYkjQ=="
    },
    "resolve-pkg-maps": {
      "version": "1.0.0",
      "resolved": "https://registry.npmjs.org/resolve-pkg-maps/-/resolve-pkg-maps-1.0.0.tgz",
      "integrity": "sha512-seS2Tj26TBVOC2NIc2rOe2y2ZO7efxITtLZcGSOnHHNOQ7CkiUBfw0Iw2ck6xkIhPwLhKNLS8BO+hEpngQlqzw==",
      "dev": true
    },
    "string-width": {
      "version": "7.1.0",
      "resolved": "https://registry.npmjs.org/string-width/-/string-width-7.1.0.tgz",
      "integrity": "sha512-SEIJCWiX7Kg4c129n48aDRwLbFb2LJmXXFrWBG4NGaRtMQ3myKPKbwrD1BKqQn74oCoNMBVrfDEr5M9YxCsrkw==",
      "requires": {
        "emoji-regex": "^10.3.0",
        "get-east-asian-width": "^1.0.0",
        "strip-ansi": "^7.1.0"
      }
    },
    "strip-ansi": {
      "version": "7.1.0",
      "resolved": "https://registry.npmjs.org/strip-ansi/-/strip-ansi-7.1.0.tgz",
      "integrity": "sha512-iq6eVVI64nQQTRYq2KtEg2d2uU7LElhTJwsH4YzIHZshxlgZms/wIc4VoDQTlG/IvVIrBKG06CrZnp0qv7hkcQ==",
      "requires": {
        "ansi-regex": "^6.0.1"
      }
    },
    "tsx": {
      "version": "4.7.1",
      "resolved": "https://registry.npmjs.org/tsx/-/tsx-4.7.1.tgz",
      "integrity": "sha512-8d6VuibXHtlN5E3zFkgY8u4DX7Y3Z27zvvPKVmLon/D4AjuKzarkUBTLDBgj9iTQ0hg5xM7c/mYiRVM+HETf0g==",
      "dev": true,
      "requires": {
        "esbuild": "~0.19.10",
        "fsevents": "~2.3.3",
        "get-tsconfig": "^4.7.2"
      }
    },
    "typescript": {
      "version": "5.2.2",
      "resolved": "https://registry.npmjs.org/typescript/-/typescript-5.2.2.tgz",
      "integrity": "sha512-mI4WrpHsbCIcwT9cF4FZvr80QUeKvsUsUvKDoR+X/7XHQH98xYD8YHZg7ANtz2GtZt/CBq2QJ0thkGJMHfqc1w==",
      "dev": true
    },
    "web-streams-polyfill": {
      "version": "3.2.1",
      "resolved": "https://registry.npmjs.org/web-streams-polyfill/-/web-streams-polyfill-3.2.1.tgz",
      "integrity": "sha512-e0MO3wdXWKrLbL0DgGnUV7WHVuw9OUvL4hjgnPkIeEvESk74gAITi5G606JtZPp39cd8HA9VQzCIvA49LpPN5Q=="
    }
  }
}
